// !$*UTF8*$!
{
	archiveVersion = 1;
	classes = {
	};
	objectVersion = 46;
	objects = {

/* Begin PBXBuildFile section */
		0423B3CD1C880786006802FA /* Event.m in Sources */ = {isa = PBXBuildFile; fileRef = 0423B3CC1C880786006802FA /* Event.m */; };
		0423B3D51C88769E006802FA /* libsqlite3.0.tbd in Frameworks */ = {isa = PBXBuildFile; fileRef = 0423B3D41C88769E006802FA /* libsqlite3.0.tbd */; };
		0423B3D91C887D0A006802FA /* DBManager.m in Sources */ = {isa = PBXBuildFile; fileRef = 0423B3D81C887D0A006802FA /* DBManager.m */; };
		0437B9B51C86BE9700F80F76 /* main.m in Sources */ = {isa = PBXBuildFile; fileRef = 0437B9B41C86BE9700F80F76 /* main.m */; };
		0437B9B81C86BE9700F80F76 /* AppDelegate.m in Sources */ = {isa = PBXBuildFile; fileRef = 0437B9B71C86BE9700F80F76 /* AppDelegate.m */; };
		0437B9C11C86BE9700F80F76 /* Main.storyboard in Resources */ = {isa = PBXBuildFile; fileRef = 0437B9BF1C86BE9700F80F76 /* Main.storyboard */; };
		0437B9C31C86BE9700F80F76 /* Assets.xcassets in Resources */ = {isa = PBXBuildFile; fileRef = 0437B9C21C86BE9700F80F76 /* Assets.xcassets */; };
		0437B9C61C86BE9700F80F76 /* LaunchScreen.storyboard in Resources */ = {isa = PBXBuildFile; fileRef = 0437B9C41C86BE9700F80F76 /* LaunchScreen.storyboard */; };
		0437B9D11C86BE9700F80F76 /* FinancePlanningTests.m in Sources */ = {isa = PBXBuildFile; fileRef = 0437B9D01C86BE9700F80F76 /* FinancePlanningTests.m */; };
		0437B9DD1C870E8A00F80F76 /* BankAccountViewController.m in Sources */ = {isa = PBXBuildFile; fileRef = 0437B9DC1C870E8A00F80F76 /* BankAccountViewController.m */; };
		0437B9E01C870EA000F80F76 /* IncomeViewController.m in Sources */ = {isa = PBXBuildFile; fileRef = 0437B9DF1C870EA000F80F76 /* IncomeViewController.m */; };
		0437B9E31C870EB200F80F76 /* ExpenseViewController.m in Sources */ = {isa = PBXBuildFile; fileRef = 0437B9E21C870EB200F80F76 /* ExpenseViewController.m */; };
		0437B9E61C870EC300F80F76 /* ResportViewController.m in Sources */ = {isa = PBXBuildFile; fileRef = 0437B9E51C870EC300F80F76 /* ResportViewController.m */; };
		4713ECA21C8992B7002B069E /* AccountBalanceTableViewController.m in Sources */ = {isa = PBXBuildFile; fileRef = 4713ECA11C8992B7002B069E /* AccountBalanceTableViewController.m */; };
		47526B591C89E4E000D537D1 /* MonthlyExpenseViewController.m in Sources */ = {isa = PBXBuildFile; fileRef = 47526B581C89E4E000D537D1 /* MonthlyExpenseViewController.m */; };
		47526B5D1C89E78800D537D1 /* QuartzCore.framework in Frameworks */ = {isa = PBXBuildFile; fileRef = 47526B5C1C89E78800D537D1 /* QuartzCore.framework */; };
		47526B611C89E90500D537D1 /* CoreGraphics.framework in Frameworks */ = {isa = PBXBuildFile; fileRef = 47526B601C89E90500D537D1 /* CoreGraphics.framework */; };
		47526B651C89EC9000D537D1 /* Podfile in Resources */ = {isa = PBXBuildFile; fileRef = 47526B641C89EC9000D537D1 /* Podfile */; };
		477B90EA1C8758AE001345FF /* BankAccount.m in Sources */ = {isa = PBXBuildFile; fileRef = 477B90E91C8758AE001345FF /* BankAccount.m */; };
		477B90ED1C87599D001345FF /* Income.m in Sources */ = {isa = PBXBuildFile; fileRef = 477B90EC1C87599D001345FF /* Income.m */; };
		477B90F01C8759AF001345FF /* Expense.m in Sources */ = {isa = PBXBuildFile; fileRef = 477B90EF1C8759AF001345FF /* Expense.m */; };
		47E1933E1C88FC38003F5F82 /* EventIDGenerator.m in Sources */ = {isa = PBXBuildFile; fileRef = 47E1933D1C88FC37003F5F82 /* EventIDGenerator.m */; };
		47E193411C88FF14003F5F82 /* MyUtilities.m in Sources */ = {isa = PBXBuildFile; fileRef = 47E193401C88FF14003F5F82 /* MyUtilities.m */; };
		E0FC49423088C3E31A9DADC9 /* libPods.a in Frameworks */ = {isa = PBXBuildFile; fileRef = FC494E8B55BE4AE2E113D9C5 /* libPods.a */; };
/* End PBXBuildFile section */

/* Begin PBXContainerItemProxy section */
		0437B9CD1C86BE9700F80F76 /* PBXContainerItemProxy */ = {
			isa = PBXContainerItemProxy;
			containerPortal = 0437B9A81C86BE9700F80F76 /* Project object */;
			proxyType = 1;
			remoteGlobalIDString = 0437B9AF1C86BE9700F80F76;
			remoteInfo = FinancePlanning;
		};
/* End PBXContainerItemProxy section */

/* Begin PBXFileReference section */
		0423B3CB1C880786006802FA /* Event.h */ = {isa = PBXFileReference; fileEncoding = 4; lastKnownFileType = sourcecode.c.h; path = Event.h; sourceTree = "<group>"; };
		0423B3CC1C880786006802FA /* Event.m */ = {isa = PBXFileReference; fileEncoding = 4; lastKnownFileType = sourcecode.c.objc; path = Event.m; sourceTree = "<group>"; };
		0423B3D41C88769E006802FA /* libsqlite3.0.tbd */ = {isa = PBXFileReference; lastKnownFileType = "sourcecode.text-based-dylib-definition"; name = libsqlite3.0.tbd; path = usr/lib/libsqlite3.0.tbd; sourceTree = SDKROOT; };
		0423B3D71C887D0A006802FA /* DBManager.h */ = {isa = PBXFileReference; fileEncoding = 4; lastKnownFileType = sourcecode.c.h; path = DBManager.h; sourceTree = "<group>"; };
		0423B3D81C887D0A006802FA /* DBManager.m */ = {isa = PBXFileReference; fileEncoding = 4; lastKnownFileType = sourcecode.c.objc; path = DBManager.m; sourceTree = "<group>"; };
		0437B9B01C86BE9700F80F76 /* FinancePlanning.app */ = {isa = PBXFileReference; explicitFileType = wrapper.application; includeInIndex = 0; path = FinancePlanning.app; sourceTree = BUILT_PRODUCTS_DIR; };
		0437B9B41C86BE9700F80F76 /* main.m */ = {isa = PBXFileReference; lastKnownFileType = sourcecode.c.objc; path = main.m; sourceTree = "<group>"; };
		0437B9B61C86BE9700F80F76 /* AppDelegate.h */ = {isa = PBXFileReference; lastKnownFileType = sourcecode.c.h; path = AppDelegate.h; sourceTree = "<group>"; };
		0437B9B71C86BE9700F80F76 /* AppDelegate.m */ = {isa = PBXFileReference; lastKnownFileType = sourcecode.c.objc; path = AppDelegate.m; sourceTree = "<group>"; };
		0437B9C01C86BE9700F80F76 /* Base */ = {isa = PBXFileReference; lastKnownFileType = file.storyboard; name = Base; path = Base.lproj/Main.storyboard; sourceTree = "<group>"; };
		0437B9C21C86BE9700F80F76 /* Assets.xcassets */ = {isa = PBXFileReference; lastKnownFileType = folder.assetcatalog; path = Assets.xcassets; sourceTree = "<group>"; };
		0437B9C51C86BE9700F80F76 /* Base */ = {isa = PBXFileReference; lastKnownFileType = file.storyboard; name = Base; path = Base.lproj/LaunchScreen.storyboard; sourceTree = "<group>"; };
		0437B9C71C86BE9700F80F76 /* Info.plist */ = {isa = PBXFileReference; lastKnownFileType = text.plist.xml; path = Info.plist; sourceTree = "<group>"; };
		0437B9CC1C86BE9700F80F76 /* FinancePlanningTests.xctest */ = {isa = PBXFileReference; explicitFileType = wrapper.cfbundle; includeInIndex = 0; path = FinancePlanningTests.xctest; sourceTree = BUILT_PRODUCTS_DIR; };
		0437B9D01C86BE9700F80F76 /* FinancePlanningTests.m */ = {isa = PBXFileReference; lastKnownFileType = sourcecode.c.objc; path = FinancePlanningTests.m; sourceTree = "<group>"; };
		0437B9D21C86BE9700F80F76 /* Info.plist */ = {isa = PBXFileReference; lastKnownFileType = text.plist.xml; path = Info.plist; sourceTree = "<group>"; };
		0437B9DB1C870E8A00F80F76 /* BankAccountViewController.h */ = {isa = PBXFileReference; fileEncoding = 4; lastKnownFileType = sourcecode.c.h; path = BankAccountViewController.h; sourceTree = "<group>"; };
		0437B9DC1C870E8A00F80F76 /* BankAccountViewController.m */ = {isa = PBXFileReference; fileEncoding = 4; lastKnownFileType = sourcecode.c.objc; path = BankAccountViewController.m; sourceTree = "<group>"; };
		0437B9DE1C870EA000F80F76 /* IncomeViewController.h */ = {isa = PBXFileReference; fileEncoding = 4; lastKnownFileType = sourcecode.c.h; path = IncomeViewController.h; sourceTree = "<group>"; };
		0437B9DF1C870EA000F80F76 /* IncomeViewController.m */ = {isa = PBXFileReference; fileEncoding = 4; lastKnownFileType = sourcecode.c.objc; path = IncomeViewController.m; sourceTree = "<group>"; };
		0437B9E11C870EB200F80F76 /* ExpenseViewController.h */ = {isa = PBXFileReference; fileEncoding = 4; lastKnownFileType = sourcecode.c.h; path = ExpenseViewController.h; sourceTree = "<group>"; };
		0437B9E21C870EB200F80F76 /* ExpenseViewController.m */ = {isa = PBXFileReference; fileEncoding = 4; lastKnownFileType = sourcecode.c.objc; path = ExpenseViewController.m; sourceTree = "<group>"; };
		0437B9E41C870EC300F80F76 /* ResportViewController.h */ = {isa = PBXFileReference; fileEncoding = 4; lastKnownFileType = sourcecode.c.h; path = ResportViewController.h; sourceTree = "<group>"; };
		0437B9E51C870EC300F80F76 /* ResportViewController.m */ = {isa = PBXFileReference; fileEncoding = 4; lastKnownFileType = sourcecode.c.objc; path = ResportViewController.m; sourceTree = "<group>"; };
		4713ECA01C8992B7002B069E /* AccountBalanceTableViewController.h */ = {isa = PBXFileReference; fileEncoding = 4; lastKnownFileType = sourcecode.c.h; path = AccountBalanceTableViewController.h; sourceTree = "<group>"; };
		4713ECA11C8992B7002B069E /* AccountBalanceTableViewController.m */ = {isa = PBXFileReference; fileEncoding = 4; lastKnownFileType = sourcecode.c.objc; path = AccountBalanceTableViewController.m; sourceTree = "<group>"; };
		47526B571C89E4E000D537D1 /* MonthlyExpenseViewController.h */ = {isa = PBXFileReference; fileEncoding = 4; lastKnownFileType = sourcecode.c.h; path = MonthlyExpenseViewController.h; sourceTree = "<group>"; };
		47526B581C89E4E000D537D1 /* MonthlyExpenseViewController.m */ = {isa = PBXFileReference; fileEncoding = 4; lastKnownFileType = sourcecode.c.objc; path = MonthlyExpenseViewController.m; sourceTree = "<group>"; };
		47526B5C1C89E78800D537D1 /* QuartzCore.framework */ = {isa = PBXFileReference; lastKnownFileType = wrapper.framework; name = QuartzCore.framework; path = System/Library/Frameworks/QuartzCore.framework; sourceTree = SDKROOT; };
		47526B601C89E90500D537D1 /* CoreGraphics.framework */ = {isa = PBXFileReference; lastKnownFileType = wrapper.framework; name = CoreGraphics.framework; path = System/Library/Frameworks/CoreGraphics.framework; sourceTree = SDKROOT; };
		47526B641C89EC9000D537D1 /* Podfile */ = {isa = PBXFileReference; fileEncoding = 4; lastKnownFileType = text; path = Podfile; sourceTree = "<group>"; };
		477B90E81C8758AE001345FF /* BankAccount.h */ = {isa = PBXFileReference; fileEncoding = 4; lastKnownFileType = sourcecode.c.h; name = BankAccount.h; path = Model/BankAccount.h; sourceTree = "<group>"; };
		477B90E91C8758AE001345FF /* BankAccount.m */ = {isa = PBXFileReference; fileEncoding = 4; lastKnownFileType = sourcecode.c.objc; name = BankAccount.m; path = Model/BankAccount.m; sourceTree = "<group>"; };
		477B90EB1C87599D001345FF /* Income.h */ = {isa = PBXFileReference; fileEncoding = 4; lastKnownFileType = sourcecode.c.h; name = Income.h; path = Model/Income.h; sourceTree = "<group>"; };
		477B90EC1C87599D001345FF /* Income.m */ = {isa = PBXFileReference; fileEncoding = 4; lastKnownFileType = sourcecode.c.objc; name = Income.m; path = Model/Income.m; sourceTree = "<group>"; };
		477B90EE1C8759AF001345FF /* Expense.h */ = {isa = PBXFileReference; fileEncoding = 4; lastKnownFileType = sourcecode.c.h; path = Expense.h; sourceTree = "<group>"; };
		477B90EF1C8759AF001345FF /* Expense.m */ = {isa = PBXFileReference; fileEncoding = 4; lastKnownFileType = sourcecode.c.objc; path = Expense.m; sourceTree = "<group>"; };
		47E1933C1C88FC37003F5F82 /* EventIDGenerator.h */ = {isa = PBXFileReference; fileEncoding = 4; lastKnownFileType = sourcecode.c.h; path = EventIDGenerator.h; sourceTree = "<group>"; };
		47E1933D1C88FC37003F5F82 /* EventIDGenerator.m */ = {isa = PBXFileReference; fileEncoding = 4; lastKnownFileType = sourcecode.c.objc; path = EventIDGenerator.m; sourceTree = "<group>"; };
		47E1933F1C88FF14003F5F82 /* MyUtilities.h */ = {isa = PBXFileReference; fileEncoding = 4; lastKnownFileType = sourcecode.c.h; path = MyUtilities.h; sourceTree = "<group>"; };
		47E193401C88FF14003F5F82 /* MyUtilities.m */ = {isa = PBXFileReference; fileEncoding = 4; lastKnownFileType = sourcecode.c.objc; path = MyUtilities.m; sourceTree = "<group>"; };
		9453A60F81EEBBB619E6979C /* Pods.debug.xcconfig */ = {isa = PBXFileReference; includeInIndex = 1; lastKnownFileType = text.xcconfig; name = Pods.debug.xcconfig; path = "Pods/Target Support Files/Pods/Pods.debug.xcconfig"; sourceTree = "<group>"; };
		FAAB81E92B6157DC8A1A1710 /* Pods.release.xcconfig */ = {isa = PBXFileReference; includeInIndex = 1; lastKnownFileType = text.xcconfig; name = Pods.release.xcconfig; path = "Pods/Target Support Files/Pods/Pods.release.xcconfig"; sourceTree = "<group>"; };
		FC494E8B55BE4AE2E113D9C5 /* libPods.a */ = {isa = PBXFileReference; explicitFileType = archive.ar; includeInIndex = 0; path = libPods.a; sourceTree = BUILT_PRODUCTS_DIR; };
/* End PBXFileReference section */

/* Begin PBXFrameworksBuildPhase section */
		0437B9AD1C86BE9700F80F76 /* Frameworks */ = {
			isa = PBXFrameworksBuildPhase;
			buildActionMask = 2147483647;
			files = (
				47526B611C89E90500D537D1 /* CoreGraphics.framework in Frameworks */,
				47526B5D1C89E78800D537D1 /* QuartzCore.framework in Frameworks */,
				0423B3D51C88769E006802FA /* libsqlite3.0.tbd in Frameworks */,
				E0FC49423088C3E31A9DADC9 /* libPods.a in Frameworks */,
			);
			runOnlyForDeploymentPostprocessing = 0;
		};
		0437B9C91C86BE9700F80F76 /* Frameworks */ = {
			isa = PBXFrameworksBuildPhase;
			buildActionMask = 2147483647;
			files = (
			);
			runOnlyForDeploymentPostprocessing = 0;
		};
/* End PBXFrameworksBuildPhase section */

/* Begin PBXGroup section */
		0423B3D61C887CD2006802FA /* Database */ = {
			isa = PBXGroup;
			children = (
				0423B3D71C887D0A006802FA /* DBManager.h */,
				0423B3D81C887D0A006802FA /* DBManager.m */,
			);
			name = Database;
			sourceTree = "<group>";
		};
		0437B9A71C86BE9700F80F76 = {
			isa = PBXGroup;
			children = (
				47526B641C89EC9000D537D1 /* Podfile */,
				0437B9B21C86BE9700F80F76 /* FinancePlanning */,
				0437B9CF1C86BE9700F80F76 /* FinancePlanningTests */,
				0437B9B11C86BE9700F80F76 /* Products */,
				A4D471161F1F90D145182B60 /* Pods */,
				4497931EA54012C300634026 /* Frameworks */,
			);
			sourceTree = "<group>";
		};
		0437B9B11C86BE9700F80F76 /* Products */ = {
			isa = PBXGroup;
			children = (
				0437B9B01C86BE9700F80F76 /* FinancePlanning.app */,
				0437B9CC1C86BE9700F80F76 /* FinancePlanningTests.xctest */,
			);
			name = Products;
			sourceTree = "<group>";
		};
		0437B9B21C86BE9700F80F76 /* FinancePlanning */ = {
			isa = PBXGroup;
			children = (
				47E1933B1C88FC0A003F5F82 /* Utilities */,
				0423B3D61C887CD2006802FA /* Database */,
				477B90E51C8757BE001345FF /* Model */,
				0437B9B61C86BE9700F80F76 /* AppDelegate.h */,
				0437B9DB1C870E8A00F80F76 /* BankAccountViewController.h */,
				0437B9E11C870EB200F80F76 /* ExpenseViewController.h */,
				0437B9DE1C870EA000F80F76 /* IncomeViewController.h */,
				0437B9E41C870EC300F80F76 /* ResportViewController.h */,
				0437B9B71C86BE9700F80F76 /* AppDelegate.m */,
				0437B9DC1C870E8A00F80F76 /* BankAccountViewController.m */,
				0437B9E21C870EB200F80F76 /* ExpenseViewController.m */,
				0437B9DF1C870EA000F80F76 /* IncomeViewController.m */,
				0437B9E51C870EC300F80F76 /* ResportViewController.m */,
				0437B9C71C86BE9700F80F76 /* Info.plist */,
				0437B9C21C86BE9700F80F76 /* Assets.xcassets */,
				0437B9C41C86BE9700F80F76 /* LaunchScreen.storyboard */,
				0437B9BF1C86BE9700F80F76 /* Main.storyboard */,
				0437B9B31C86BE9700F80F76 /* Supporting Files */,
				4713ECA01C8992B7002B069E /* AccountBalanceTableViewController.h */,
				4713ECA11C8992B7002B069E /* AccountBalanceTableViewController.m */,
				47526B571C89E4E000D537D1 /* MonthlyExpenseViewController.h */,
				47526B581C89E4E000D537D1 /* MonthlyExpenseViewController.m */,
			);
			path = FinancePlanning;
			sourceTree = "<group>";
		};
		0437B9B31C86BE9700F80F76 /* Supporting Files */ = {
			isa = PBXGroup;
			children = (
				47526B601C89E90500D537D1 /* CoreGraphics.framework */,
				47526B5C1C89E78800D537D1 /* QuartzCore.framework */,
				0423B3D41C88769E006802FA /* libsqlite3.0.tbd */,
				0437B9B41C86BE9700F80F76 /* main.m */,
			);
			name = "Supporting Files";
			sourceTree = "<group>";
		};
		0437B9CF1C86BE9700F80F76 /* FinancePlanningTests */ = {
			isa = PBXGroup;
			children = (
				0437B9D01C86BE9700F80F76 /* FinancePlanningTests.m */,
				0437B9D21C86BE9700F80F76 /* Info.plist */,
			);
			path = FinancePlanningTests;
			sourceTree = "<group>";
		};
		4497931EA54012C300634026 /* Frameworks */ = {
			isa = PBXGroup;
			children = (
				FC494E8B55BE4AE2E113D9C5 /* libPods.a */,
			);
			name = Frameworks;
			sourceTree = "<group>";
		};
		477B90E51C8757BE001345FF /* Model */ = {
			isa = PBXGroup;
			children = (
				477B90E81C8758AE001345FF /* BankAccount.h */,
				477B90E91C8758AE001345FF /* BankAccount.m */,
				477B90EB1C87599D001345FF /* Income.h */,
				477B90EC1C87599D001345FF /* Income.m */,
				477B90EE1C8759AF001345FF /* Expense.h */,
				477B90EF1C8759AF001345FF /* Expense.m */,
				0423B3CB1C880786006802FA /* Event.h */,
				0423B3CC1C880786006802FA /* Event.m */,
			);
			name = Model;
			sourceTree = "<group>";
		};
		47E1933B1C88FC0A003F5F82 /* Utilities */ = {
			isa = PBXGroup;
			children = (
				47E1933C1C88FC37003F5F82 /* EventIDGenerator.h */,
				47E1933D1C88FC37003F5F82 /* EventIDGenerator.m */,
				47E1933F1C88FF14003F5F82 /* MyUtilities.h */,
				47E193401C88FF14003F5F82 /* MyUtilities.m */,
			);
			name = Utilities;
			sourceTree = "<group>";
		};
		A4D471161F1F90D145182B60 /* Pods */ = {
			isa = PBXGroup;
			children = (
				9453A60F81EEBBB619E6979C /* Pods.debug.xcconfig */,
				FAAB81E92B6157DC8A1A1710 /* Pods.release.xcconfig */,
			);
			name = Pods;
			sourceTree = "<group>";
		};
/* End PBXGroup section */

/* Begin PBXNativeTarget section */
		0437B9AF1C86BE9700F80F76 /* FinancePlanning */ = {
			isa = PBXNativeTarget;
			buildConfigurationList = 0437B9D51C86BE9700F80F76 /* Build configuration list for PBXNativeTarget "FinancePlanning" */;
			buildPhases = (
				7432900A0256057B832883D5 /* Check Pods Manifest.lock */,
				0437B9AC1C86BE9700F80F76 /* Sources */,
				0437B9AD1C86BE9700F80F76 /* Frameworks */,
				0437B9AE1C86BE9700F80F76 /* Resources */,
				58D1EE11D1D393693CF8905D /* Embed Pods Frameworks */,
				B92EF1E2E6827ACDA1B1D29C /* Copy Pods Resources */,
			);
			buildRules = (
			);
			dependencies = (
			);
			name = FinancePlanning;
			productName = FinancePlanning;
			productReference = 0437B9B01C86BE9700F80F76 /* FinancePlanning.app */;
			productType = "com.apple.product-type.application";
		};
		0437B9CB1C86BE9700F80F76 /* FinancePlanningTests */ = {
			isa = PBXNativeTarget;
			buildConfigurationList = 0437B9D81C86BE9700F80F76 /* Build configuration list for PBXNativeTarget "FinancePlanningTests" */;
			buildPhases = (
				0437B9C81C86BE9700F80F76 /* Sources */,
				0437B9C91C86BE9700F80F76 /* Frameworks */,
				0437B9CA1C86BE9700F80F76 /* Resources */,
			);
			buildRules = (
			);
			dependencies = (
				0437B9CE1C86BE9700F80F76 /* PBXTargetDependency */,
			);
			name = FinancePlanningTests;
			productName = FinancePlanningTests;
			productReference = 0437B9CC1C86BE9700F80F76 /* FinancePlanningTests.xctest */;
			productType = "com.apple.product-type.bundle.unit-test";
		};
/* End PBXNativeTarget section */

/* Begin PBXProject section */
		0437B9A81C86BE9700F80F76 /* Project object */ = {
			isa = PBXProject;
			attributes = {
				LastUpgradeCheck = 0720;
				ORGANIZATIONNAME = "Anil Saini";
				TargetAttributes = {
					0437B9AF1C86BE9700F80F76 = {
						CreatedOnToolsVersion = 7.2;
					};
					0437B9CB1C86BE9700F80F76 = {
						CreatedOnToolsVersion = 7.2;
						TestTargetID = 0437B9AF1C86BE9700F80F76;
					};
				};
			};
			buildConfigurationList = 0437B9AB1C86BE9700F80F76 /* Build configuration list for PBXProject "FinancePlanning" */;
			compatibilityVersion = "Xcode 3.2";
			developmentRegion = English;
			hasScannedForEncodings = 0;
			knownRegions = (
				en,
				Base,
			);
			mainGroup = 0437B9A71C86BE9700F80F76;
			productRefGroup = 0437B9B11C86BE9700F80F76 /* Products */;
			projectDirPath = "";
			projectRoot = "";
			targets = (
				0437B9AF1C86BE9700F80F76 /* FinancePlanning */,
				0437B9CB1C86BE9700F80F76 /* FinancePlanningTests */,
			);
		};
/* End PBXProject section */

/* Begin PBXResourcesBuildPhase section */
		0437B9AE1C86BE9700F80F76 /* Resources */ = {
			isa = PBXResourcesBuildPhase;
			buildActionMask = 2147483647;
			files = (
				0437B9C61C86BE9700F80F76 /* LaunchScreen.storyboard in Resources */,
				0437B9C31C86BE9700F80F76 /* Assets.xcassets in Resources */,
				47526B651C89EC9000D537D1 /* Podfile in Resources */,
				0437B9C11C86BE9700F80F76 /* Main.storyboard in Resources */,
			);
			runOnlyForDeploymentPostprocessing = 0;
		};
		0437B9CA1C86BE9700F80F76 /* Resources */ = {
			isa = PBXResourcesBuildPhase;
			buildActionMask = 2147483647;
			files = (
			);
			runOnlyForDeploymentPostprocessing = 0;
		};
/* End PBXResourcesBuildPhase section */

/* Begin PBXShellScriptBuildPhase section */
		58D1EE11D1D393693CF8905D /* Embed Pods Frameworks */ = {
			isa = PBXShellScriptBuildPhase;
			buildActionMask = 2147483647;
			files = (
			);
			inputPaths = (
			);
			name = "Embed Pods Frameworks";
			outputPaths = (
			);
			runOnlyForDeploymentPostprocessing = 0;
			shellPath = /bin/sh;
			shellScript = "\"${SRCROOT}/Pods/Target Support Files/Pods/Pods-frameworks.sh\"\n";
			showEnvVarsInLog = 0;
		};
		7432900A0256057B832883D5 /* Check Pods Manifest.lock */ = {
			isa = PBXShellScriptBuildPhase;
			buildActionMask = 2147483647;
			files = (
			);
			inputPaths = (
			);
			name = "Check Pods Manifest.lock";
			outputPaths = (
			);
			runOnlyForDeploymentPostprocessing = 0;
			shellPath = /bin/sh;
			shellScript = "diff \"${PODS_ROOT}/../Podfile.lock\" \"${PODS_ROOT}/Manifest.lock\" > /dev/null\nif [[ $? != 0 ]] ; then\n    cat << EOM\nerror: The sandbox is not in sync with the Podfile.lock. Run 'pod install' or update your CocoaPods installation.\nEOM\n    exit 1\nfi\n";
			showEnvVarsInLog = 0;
		};
		B92EF1E2E6827ACDA1B1D29C /* Copy Pods Resources */ = {
			isa = PBXShellScriptBuildPhase;
			buildActionMask = 2147483647;
			files = (
			);
			inputPaths = (
			);
			name = "Copy Pods Resources";
			outputPaths = (
			);
			runOnlyForDeploymentPostprocessing = 0;
			shellPath = /bin/sh;
			shellScript = "\"${SRCROOT}/Pods/Target Support Files/Pods/Pods-resources.sh\"\n";
			showEnvVarsInLog = 0;
		};
/* End PBXShellScriptBuildPhase section */

/* Begin PBXSourcesBuildPhase section */
		0437B9AC1C86BE9700F80F76 /* Sources */ = {
			isa = PBXSourcesBuildPhase;
			buildActionMask = 2147483647;
			files = (
				477B90EA1C8758AE001345FF /* BankAccount.m in Sources */,
				0437B9B81C86BE9700F80F76 /* AppDelegate.m in Sources */,
				0423B3CD1C880786006802FA /* Event.m in Sources */,
				47E193411C88FF14003F5F82 /* MyUtilities.m in Sources */,
				47E1933E1C88FC38003F5F82 /* EventIDGenerator.m in Sources */,
				0437B9B51C86BE9700F80F76 /* main.m in Sources */,
				4713ECA21C8992B7002B069E /* AccountBalanceTableViewController.m in Sources */,
				0437B9DD1C870E8A00F80F76 /* BankAccountViewController.m in Sources */,
				0437B9E01C870EA000F80F76 /* IncomeViewController.m in Sources */,
				477B90F01C8759AF001345FF /* Expense.m in Sources */,
				0423B3D91C887D0A006802FA /* DBManager.m in Sources */,
				47526B591C89E4E000D537D1 /* MonthlyExpenseViewController.m in Sources */,
				0437B9E61C870EC300F80F76 /* ResportViewController.m in Sources */,
				477B90ED1C87599D001345FF /* Income.m in Sources */,
				0437B9E31C870EB200F80F76 /* ExpenseViewController.m in Sources */,
			);
			runOnlyForDeploymentPostprocessing = 0;
		};
		0437B9C81C86BE9700F80F76 /* Sources */ = {
			isa = PBXSourcesBuildPhase;
			buildActionMask = 2147483647;
			files = (
				0437B9D11C86BE9700F80F76 /* FinancePlanningTests.m in Sources */,
			);
			runOnlyForDeploymentPostprocessing = 0;
		};
/* End PBXSourcesBuildPhase section */

/* Begin PBXTargetDependency section */
		0437B9CE1C86BE9700F80F76 /* PBXTargetDependency */ = {
			isa = PBXTargetDependency;
			target = 0437B9AF1C86BE9700F80F76 /* FinancePlanning */;
			targetProxy = 0437B9CD1C86BE9700F80F76 /* PBXContainerItemProxy */;
		};
/* End PBXTargetDependency section */

/* Begin PBXVariantGroup section */
		0437B9BF1C86BE9700F80F76 /* Main.storyboard */ = {
			isa = PBXVariantGroup;
			children = (
				0437B9C01C86BE9700F80F76 /* Base */,
			);
			name = Main.storyboard;
			sourceTree = "<group>";
		};
		0437B9C41C86BE9700F80F76 /* LaunchScreen.storyboard */ = {
			isa = PBXVariantGroup;
			children = (
				0437B9C51C86BE9700F80F76 /* Base */,
			);
			name = LaunchScreen.storyboard;
			sourceTree = "<group>";
		};
/* End PBXVariantGroup section */

/* Begin XCBuildConfiguration section */
		0437B9D31C86BE9700F80F76 /* Debug */ = {
			isa = XCBuildConfiguration;
			buildSettings = {
				ALWAYS_SEARCH_USER_PATHS = NO;
				CLANG_CXX_LANGUAGE_STANDARD = "gnu++0x";
				CLANG_CXX_LIBRARY = "libc++";
				CLANG_ENABLE_MODULES = YES;
				CLANG_ENABLE_OBJC_ARC = YES;
				CLANG_WARN_BOOL_CONVERSION = YES;
				CLANG_WARN_CONSTANT_CONVERSION = YES;
				CLANG_WARN_DIRECT_OBJC_ISA_USAGE = YES_ERROR;
				CLANG_WARN_EMPTY_BODY = YES;
				CLANG_WARN_ENUM_CONVERSION = YES;
				CLANG_WARN_INT_CONVERSION = YES;
				CLANG_WARN_OBJC_ROOT_CLASS = YES_ERROR;
				CLANG_WARN_UNREACHABLE_CODE = YES;
				CLANG_WARN__DUPLICATE_METHOD_MATCH = YES;
				"CODE_SIGN_IDENTITY[sdk=iphoneos*]" = "iPhone Developer";
				COPY_PHASE_STRIP = NO;
				DEBUG_INFORMATION_FORMAT = dwarf;
				ENABLE_STRICT_OBJC_MSGSEND = YES;
				ENABLE_TESTABILITY = YES;
				GCC_C_LANGUAGE_STANDARD = gnu99;
				GCC_DYNAMIC_NO_PIC = NO;
				GCC_NO_COMMON_BLOCKS = YES;
				GCC_OPTIMIZATION_LEVEL = 0;
				GCC_PREPROCESSOR_DEFINITIONS = (
					"DEBUG=1",
					"$(inherited)",
				);
				GCC_WARN_64_TO_32_BIT_CONVERSION = YES;
				GCC_WARN_ABOUT_RETURN_TYPE = YES_ERROR;
				GCC_WARN_UNDECLARED_SELECTOR = YES;
				GCC_WARN_UNINITIALIZED_AUTOS = YES_AGGRESSIVE;
				GCC_WARN_UNUSED_FUNCTION = YES;
				GCC_WARN_UNUSED_VARIABLE = YES;
				IPHONEOS_DEPLOYMENT_TARGET = 9.2;
				MTL_ENABLE_DEBUG_INFO = YES;
				ONLY_ACTIVE_ARCH = YES;
				SDKROOT = iphoneos;
				TARGETED_DEVICE_FAMILY = "1,2";
			};
			name = Debug;
		};
		0437B9D41C86BE9700F80F76 /* Release */ = {
			isa = XCBuildConfiguration;
			buildSettings = {
				ALWAYS_SEARCH_USER_PATHS = NO;
				CLANG_CXX_LANGUAGE_STANDARD = "gnu++0x";
				CLANG_CXX_LIBRARY = "libc++";
				CLANG_ENABLE_MODULES = YES;
				CLANG_ENABLE_OBJC_ARC = YES;
				CLANG_WARN_BOOL_CONVERSION = YES;
				CLANG_WARN_CONSTANT_CONVERSION = YES;
				CLANG_WARN_DIRECT_OBJC_ISA_USAGE = YES_ERROR;
				CLANG_WARN_EMPTY_BODY = YES;
				CLANG_WARN_ENUM_CONVERSION = YES;
				CLANG_WARN_INT_CONVERSION = YES;
				CLANG_WARN_OBJC_ROOT_CLASS = YES_ERROR;
				CLANG_WARN_UNREACHABLE_CODE = YES;
				CLANG_WARN__DUPLICATE_METHOD_MATCH = YES;
				"CODE_SIGN_IDENTITY[sdk=iphoneos*]" = "iPhone Developer";
				COPY_PHASE_STRIP = NO;
				DEBUG_INFORMATION_FORMAT = "dwarf-with-dsym";
				ENABLE_NS_ASSERTIONS = NO;
				ENABLE_STRICT_OBJC_MSGSEND = YES;
				GCC_C_LANGUAGE_STANDARD = gnu99;
				GCC_NO_COMMON_BLOCKS = YES;
				GCC_WARN_64_TO_32_BIT_CONVERSION = YES;
				GCC_WARN_ABOUT_RETURN_TYPE = YES_ERROR;
				GCC_WARN_UNDECLARED_SELECTOR = YES;
				GCC_WARN_UNINITIALIZED_AUTOS = YES_AGGRESSIVE;
				GCC_WARN_UNUSED_FUNCTION = YES;
				GCC_WARN_UNUSED_VARIABLE = YES;
				IPHONEOS_DEPLOYMENT_TARGET = 9.2;
				MTL_ENABLE_DEBUG_INFO = NO;
				SDKROOT = iphoneos;
				TARGETED_DEVICE_FAMILY = "1,2";
				VALIDATE_PRODUCT = YES;
			};
			name = Release;
		};
		0437B9D61C86BE9700F80F76 /* Debug */ = {
			isa = XCBuildConfiguration;
			baseConfigurationReference = 9453A60F81EEBBB619E6979C /* Pods.debug.xcconfig */;
			buildSettings = {
				ASSETCATALOG_COMPILER_APPICON_NAME = AppIcon;
				CODE_SIGN_IDENTITY = "iPhone Developer";
				INFOPLIST_FILE = FinancePlanning/Info.plist;
				LD_RUNPATH_SEARCH_PATHS = "$(inherited) @executable_path/Frameworks \"$(SRCROOT)/FinancePlanning/Model\"";
				PRODUCT_BUNDLE_IDENTIFIER = com.anilsaini.FinancePlanning;
				PRODUCT_NAME = "$(TARGET_NAME)";
			};
			name = Debug;
		};
		0437B9D71C86BE9700F80F76 /* Release */ = {
			isa = XCBuildConfiguration;
			baseConfigurationReference = FAAB81E92B6157DC8A1A1710 /* Pods.release.xcconfig */;
			buildSettings = {
				ASSETCATALOG_COMPILER_APPICON_NAME = AppIcon;
				CODE_SIGN_IDENTITY = "iPhone Developer";
				INFOPLIST_FILE = FinancePlanning/Info.plist;
				LD_RUNPATH_SEARCH_PATHS = "$(inherited) @executable_path/Frameworks \"$(SRCROOT)/FinancePlanning/Model\"";
				PRODUCT_BUNDLE_IDENTIFIER = com.anilsaini.FinancePlanning;
				PRODUCT_NAME = "$(TARGET_NAME)";
			};
			name = Release;
		};
		0437B9D91C86BE9700F80F76 /* Debug */ = {
			isa = XCBuildConfiguration;
			buildSettings = {
				BUNDLE_LOADER = "$(TEST_HOST)";
				INFOPLIST_FILE = FinancePlanningTests/Info.plist;
				LD_RUNPATH_SEARCH_PATHS = "$(inherited) @executable_path/Frameworks @loader_path/Frameworks";
				PRODUCT_BUNDLE_IDENTIFIER = com.anilsaini.FinancePlanningTests;
				PRODUCT_NAME = "$(TARGET_NAME)";
				TEST_HOST = "$(BUILT_PRODUCTS_DIR)/FinancePlanning.app/FinancePlanning";
			};
			name = Debug;
		};
		0437B9DA1C86BE9700F80F76 /* Release */ = {
			isa = XCBuildConfiguration;
			buildSettings = {
				BUNDLE_LOADER = "$(TEST_HOST)";
				INFOPLIST_FILE = FinancePlanningTests/Info.plist;
				LD_RUNPATH_SEARCH_PATHS = "$(inherited) @executable_path/Frameworks @loader_path/Frameworks";
				PRODUCT_BUNDLE_IDENTIFIER = com.anilsaini.FinancePlanningTests;
				PRODUCT_NAME = "$(TARGET_NAME)";
				TEST_HOST = "$(BUILT_PRODUCTS_DIR)/FinancePlanning.app/FinancePlanning";
			};
			name = Release;
		};
/* End XCBuildConfiguration section */

/* Begin XCConfigurationList section */
		0437B9AB1C86BE9700F80F76 /* Build configuration list for PBXProject "FinancePlanning" */ = {
			isa = XCConfigurationList;
			buildConfigurations = (
				0437B9D31C86BE9700F80F76 /* Debug */,
				0437B9D41C86BE9700F80F76 /* Release */,
			);
			defaultConfigurationIsVisible = 0;
			defaultConfigurationName = Release;
		};
		0437B9D51C86BE9700F80F76 /* Build configuration list for PBXNativeTarget "FinancePlanning" */ = {
			isa = XCConfigurationList;
			buildConfigurations = (
				0437B9D61C86BE9700F80F76 /* Debug */,
				0437B9D71C86BE9700F80F76 /* Release */,
			);
			defaultConfigurationIsVisible = 0;
			defaultConfigurationName = Release;
		};
		0437B9D81C86BE9700F80F76 /* Build configuration list for PBXNativeTarget "FinancePlanningTests" */ = {
			isa = XCConfigurationList;
			buildConfigurations = (
				0437B9D91C86BE9700F80F76 /* Debug */,
				0437B9DA1C86BE9700F80F76 /* Release */,
			);
			defaultConfigurationIsVisible = 0;
			defaultConfigurationName = Release;
		};
/* End XCConfigurationList section */
	};
	rootObject = 0437B9A81C86BE9700F80F76 /* Project object */;
}
